// !$*UTF8*$!
{
	archiveVersion = 1;
	classes = {
	};
	objectVersion = 50;
	objects = {

/* Begin PBXBuildFile section */
		4053365A2476BF5F00F7FA61 /* AppDelegate.m in Sources */ = {isa = PBXBuildFile; fileRef = 405336592476BF5F00F7FA61 /* AppDelegate.m */; };
		4053365D2476BF5F00F7FA61 /* SceneDelegate.m in Sources */ = {isa = PBXBuildFile; fileRef = 4053365C2476BF5F00F7FA61 /* SceneDelegate.m */; };
		405336602476BF5F00F7FA61 /* ViewController.m in Sources */ = {isa = PBXBuildFile; fileRef = 4053365F2476BF5F00F7FA61 /* ViewController.m */; };
		405336632476BF5F00F7FA61 /* Main.storyboard in Resources */ = {isa = PBXBuildFile; fileRef = 405336612476BF5F00F7FA61 /* Main.storyboard */; };
		405336652476BF6000F7FA61 /* Assets.xcassets in Resources */ = {isa = PBXBuildFile; fileRef = 405336642476BF6000F7FA61 /* Assets.xcassets */; };
		405336682476BF6000F7FA61 /* LaunchScreen.storyboard in Resources */ = {isa = PBXBuildFile; fileRef = 405336662476BF6000F7FA61 /* LaunchScreen.storyboard */; };
		4053366B2476BF6000F7FA61 /* main.m in Sources */ = {isa = PBXBuildFile; fileRef = 4053366A2476BF6000F7FA61 /* main.m */; };
/* End PBXBuildFile section */

/* Begin PBXFileReference section */
		405336552476BF5F00F7FA61 /* MyIjkplay.app */ = {isa = PBXFileReference; explicitFileType = wrapper.application; includeInIndex = 0; path = MyIjkplay.app; sourceTree = BUILT_PRODUCTS_DIR; };
		405336582476BF5F00F7FA61 /* AppDelegate.h */ = {isa = PBXFileReference; lastKnownFileType = sourcecode.c.h; path = AppDelegate.h; sourceTree = "<group>"; };
		405336592476BF5F00F7FA61 /* AppDelegate.m */ = {isa = PBXFileReference; lastKnownFileType = sourcecode.c.objc; path = AppDelegate.m; sourceTree = "<group>"; };
		4053365B2476BF5F00F7FA61 /* SceneDelegate.h */ = {isa = PBXFileReference; lastKnownFileType = sourcecode.c.h; path = SceneDelegate.h; sourceTree = "<group>"; };
		4053365C2476BF5F00F7FA61 /* SceneDelegate.m */ = {isa = PBXFileReference; lastKnownFileType = sourcecode.c.objc; path = SceneDelegate.m; sourceTree = "<group>"; };
		4053365E2476BF5F00F7FA61 /* ViewController.h */ = {isa = PBXFileReference; lastKnownFileType = sourcecode.c.h; path = ViewController.h; sourceTree = "<group>"; };
		4053365F2476BF5F00F7FA61 /* ViewController.m */ = {isa = PBXFileReference; lastKnownFileType = sourcecode.c.objc; path = ViewController.m; sourceTree = "<group>"; };
		405336622476BF5F00F7FA61 /* Base */ = {isa = PBXFileReference; lastKnownFileType = file.storyboard; name = Base; path = Base.lproj/Main.storyboard; sourceTree = "<group>"; };
		405336642476BF6000F7FA61 /* Assets.xcassets */ = {isa = PBXFileReference; lastKnownFileType = folder.assetcatalog; path = Assets.xcassets; sourceTree = "<group>"; };
		405336672476BF6000F7FA61 /* Base */ = {isa = PBXFileReference; lastKnownFileType = file.storyboard; name = Base; path = Base.lproj/LaunchScreen.storyboard; sourceTree = "<group>"; };
		405336692476BF6000F7FA61 /* Info.plist */ = {isa = PBXFileReference; lastKnownFileType = text.plist.xml; path = Info.plist; sourceTree = "<group>"; };
		4053366A2476BF6000F7FA61 /* main.m */ = {isa = PBXFileReference; lastKnownFileType = sourcecode.c.objc; path = main.m; sourceTree = "<group>"; };
/* End PBXFileReference section */

/* Begin PBXFrameworksBuildPhase section */
		405336522476BF5F00F7FA61 /* Frameworks */ = {
			isa = PBXFrameworksBuildPhase;
			buildActionMask = 2147483647;
			files = (
			);
			runOnlyForDeploymentPostprocessing = 0;
		};
/* End PBXFrameworksBuildPhase section */

/* Begin PBXGroup section */
		4053364C2476BF5F00F7FA61 = {
			isa = PBXGroup;
			children = (
				405336572476BF5F00F7FA61 /* MyIjkplay */,
				405336562476BF5F00F7FA61 /* Products */,
			);
			sourceTree = "<group>";
		};
		405336562476BF5F00F7FA61 /* Products */ = {
			isa = PBXGroup;
			children = (
				405336552476BF5F00F7FA61 /* MyIjkplay.app */,
			);
			name = Products;
			sourceTree = "<group>";
		};
		405336572476BF5F00F7FA61 /* MyIjkplay */ = {
			isa = PBXGroup;
			children = (
				405336582476BF5F00F7FA61 /* AppDelegate.h */,
				405336592476BF5F00F7FA61 /* AppDelegate.m */,
				4053365B2476BF5F00F7FA61 /* SceneDelegate.h */,
				4053365C2476BF5F00F7FA61 /* SceneDelegate.m */,
				4053365E2476BF5F00F7FA61 /* ViewController.h */,
				4053365F2476BF5F00F7FA61 /* ViewController.m */,
				405336612476BF5F00F7FA61 /* Main.storyboard */,
				405336642476BF6000F7FA61 /* Assets.xcassets */,
				405336662476BF6000F7FA61 /* LaunchScreen.storyboard */,
				405336692476BF6000F7FA61 /* Info.plist */,
				4053366A2476BF6000F7FA61 /* main.m */,
			);
			path = MyIjkplay;
			sourceTree = "<group>";
		};
/* End PBXGroup section */

/* Begin PBXNativeTarget section */
		405336542476BF5F00F7FA61 /* MyIjkplay */ = {
			isa = PBXNativeTarget;
			buildConfigurationList = 4053366E2476BF6000F7FA61 /* Build configuration list for PBXNativeTarget "MyIjkplay" */;
			buildPhases = (
				405336512476BF5F00F7FA61 /* Sources */,
				405336522476BF5F00F7FA61 /* Frameworks */,
				405336532476BF5F00F7FA61 /* Resources */,
			);
			buildRules = (
			);
			dependencies = (
			);
			name = MyIjkplay;
			productName = MyIjkplay;
			productReference = 405336552476BF5F00F7FA61 /* MyIjkplay.app */;
			productType = "com.apple.product-type.application";
		};
/* End PBXNativeTarget section */

/* Begin PBXProject section */
		4053364D2476BF5F00F7FA61 /* Project object */ = {
			isa = PBXProject;
			attributes = {
				LastUpgradeCheck = 1110;
				ORGANIZATIONNAME = qbsqbq;
				TargetAttributes = {
					405336542476BF5F00F7FA61 = {
						CreatedOnToolsVersion = 11.1;
					};
				};
			};
			buildConfigurationList = 405336502476BF5F00F7FA61 /* Build configuration list for PBXProject "MyIjkplay" */;
			compatibilityVersion = "Xcode 9.3";
			developmentRegion = en;
			hasScannedForEncodings = 0;
			knownRegions = (
				en,
				Base,
			);
			mainGroup = 4053364C2476BF5F00F7FA61;
			productRefGroup = 405336562476BF5F00F7FA61 /* Products */;
			projectDirPath = "";
			projectRoot = "";
			targets = (
				405336542476BF5F00F7FA61 /* MyIjkplay */,
			);
		};
/* End PBXProject section */

/* Begin PBXResourcesBuildPhase section */
		405336532476BF5F00F7FA61 /* Resources */ = {
			isa = PBXResourcesBuildPhase;
			buildActionMask = 2147483647;
			files = (
				405336682476BF6000F7FA61 /* LaunchScreen.storyboard in Resources */,
				405336652476BF6000F7FA61 /* Assets.xcassets in Resources */,
				405336632476BF5F00F7FA61 /* Main.storyboard in Resources */,
			);
			runOnlyForDeploymentPostprocessing = 0;
		};
/* End PBXResourcesBuildPhase section */

/* Begin PBXSourcesBuildPhase section */
		405336512476BF5F00F7FA61 /* Sources */ = {
			isa = PBXSourcesBuildPhase;
			buildActionMask = 2147483647;
			files = (
				405336602476BF5F00F7FA61 /* ViewController.m in Sources */,
				4053365A2476BF5F00F7FA61 /* AppDelegate.m in Sources */,
				4053366B2476BF6000F7FA61 /* main.m in Sources */,
				4053365D2476BF5F00F7FA61 /* SceneDelegate.m in Sources */,
			);
			runOnlyForDeploymentPostprocessing = 0;
		};
/* End PBXSourcesBuildPhase section */

/* Begin PBXVariantGroup section */
		405336612476BF5F00F7FA61 /* Main.storyboard */ = {
			isa = PBXVariantGroup;
			children = (
				405336622476BF5F00F7FA61 /* Base */,
			);
			name = Main.storyboard;
			sourceTree = "<group>";
		};
		405336662476BF6000F7FA61 /* LaunchScreen.storyboard */ = {
			isa = PBXVariantGroup;
			children = (
				405336672476BF6000F7FA61 /* Base */,
			);
			name = LaunchScreen.storyboard;
			sourceTree = "<group>";
		};
/* End PBXVariantGroup section */

/* Begin XCBuildConfiguration section */
		4053366C2476BF6000F7FA61 /* Debug */ = {
			isa = XCBuildConfiguration;
			buildSettings = {
				ALWAYS_SEARCH_USER_PATHS = NO;
				CLANG_ANALYZER_NONNULL = YES;
				CLANG_ANALYZER_NUMBER_OBJECT_CONVERSION = YES_AGGRESSIVE;
				CLANG_CXX_LANGUAGE_STANDARD = "gnu++14";
				CLANG_CXX_LIBRARY = "libc++";
				CLANG_ENABLE_MODULES = YES;
				CLANG_ENABLE_OBJC_ARC = YES;
				CLANG_ENABLE_OBJC_WEAK = YES;
				CLANG_WARN_BLOCK_CAPTURE_AUTORELEASING = YES;
				CLANG_WARN_BOOL_CONVERSION = YES;
				CLANG_WARN_COMMA = YES;
				CLANG_WARN_CONSTANT_CONVERSION = YES;
				CLANG_WARN_DEPRECATED_OBJC_IMPLEMENTATIONS = YES;
				CLANG_WARN_DIRECT_OBJC_ISA_USAGE = YES_ERROR;
				CLANG_WARN_DOCUMENTATION_COMMENTS = YES;
				CLANG_WARN_EMPTY_BODY = YES;
				CLANG_WARN_ENUM_CONVERSION = YES;
				CLANG_WARN_INFINITE_RECURSION = YES;
				CLANG_WARN_INT_CONVERSION = YES;
				CLANG_WARN_NON_LITERAL_NULL_CONVERSION = YES;
				CLANG_WARN_OBJC_IMPLICIT_RETAIN_SELF = YES;
				CLANG_WARN_OBJC_LITERAL_CONVERSION = YES;
				CLANG_WARN_OBJC_ROOT_CLASS = YES_ERROR;
				CLANG_WARN_RANGE_LOOP_ANALYSIS = YES;
				CLANG_WARN_STRICT_PROTOTYPES = YES;
				CLANG_WARN_SUSPICIOUS_MOVE = YES;
				CLANG_WARN_UNGUARDED_AVAILABILITY = YES_AGGRESSIVE;
				CLANG_WARN_UNREACHABLE_CODE = YES;
				CLANG_WARN__DUPLICATE_METHOD_MATCH = YES;
				COPY_PHASE_STRIP = NO;
				DEBUG_INFORMATION_FORMAT = dwarf;
				ENABLE_STRICT_OBJC_MSGSEND = YES;
				ENABLE_TESTABILITY = YES;
				GCC_C_LANGUAGE_STANDARD = gnu11;
				GCC_DYNAMIC_NO_PIC = NO;
				GCC_NO_COMMON_BLOCKS = YES;
				GCC_OPTIMIZATION_LEVEL = 0;
				GCC_PREPROCESSOR_DEFINITIONS = (
					"DEBUG=1",
					"$(inherited)",
				);
				GCC_WARN_64_TO_32_BIT_CONVERSION = YES;
				GCC_WARN_ABOUT_RETURN_TYPE = YES_ERROR;
				GCC_WARN_UNDECLARED_SELECTOR = YES;
				GCC_WARN_UNINITIALIZED_AUTOS = YES_AGGRESSIVE;
				GCC_WARN_UNUSED_FUNCTION = YES;
				GCC_WARN_UNUSED_VARIABLE = YES;
				IPHONEOS_DEPLOYMENT_TARGET = 13.1;
				MTL_ENABLE_DEBUG_INFO = INCLUDE_SOURCE;
				MTL_FAST_MATH = YES;
				ONLY_ACTIVE_ARCH = YES;
				SDKROOT = iphoneos;
			};
			name = Debug;
		};
		4053366D2476BF6000F7FA61 /* Release */ = {
			isa = XCBuildConfiguration;
			buildSettings = {
				ALWAYS_SEARCH_USER_PATHS = NO;
				CLANG_ANALYZER_NONNULL = YES;
				CLANG_ANALYZER_NUMBER_OBJECT_CONVERSION = YES_AGGRESSIVE;
				CLANG_CXX_LANGUAGE_STANDARD = "gnu++14";
				CLANG_CXX_LIBRARY = "libc++";
				CLANG_ENABLE_MODULES = YES;
				CLANG_ENABLE_OBJC_ARC = YES;
				CLANG_ENABLE_OBJC_WEAK = YES;
				CLANG_WARN_BLOCK_CAPTURE_AUTORELEASING = YES;
				CLANG_WARN_BOOL_CONVERSION = YES;
				CLANG_WARN_COMMA = YES;
				CLANG_WARN_CONSTANT_CONVERSION = YES;
				CLANG_WARN_DEPRECATED_OBJC_IMPLEMENTATIONS = YES;
				CLANG_WARN_DIRECT_OBJC_ISA_USAGE = YES_ERROR;
				CLANG_WARN_DOCUMENTATION_COMMENTS = YES;
				CLANG_WARN_EMPTY_BODY = YES;
				CLANG_WARN_ENUM_CONVERSION = YES;
				CLANG_WARN_INFINITE_RECURSION = YES;
				CLANG_WARN_INT_CONVERSION = YES;
				CLANG_WARN_NON_LITERAL_NULL_CONVERSION = YES;
				CLANG_WARN_OBJC_IMPLICIT_RETAIN_SELF = YES;
				CLANG_WARN_OBJC_LITERAL_CONVERSION = YES;
				CLANG_WARN_OBJC_ROOT_CLASS = YES_ERROR;
				CLANG_WARN_RANGE_LOOP_ANALYSIS = YES;
				CLANG_WARN_STRICT_PROTOTYPES = YES;
				CLANG_WARN_SUSPICIOUS_MOVE = YES;
				CLANG_WARN_UNGUARDED_AVAILABILITY = YES_AGGRESSIVE;
				CLANG_WARN_UNREACHABLE_CODE = YES;
				CLANG_WARN__DUPLICATE_METHOD_MATCH = YES;
				COPY_PHASE_STRIP = NO;
				DEBUG_INFORMATION_FORMAT = "dwarf-with-dsym";
				ENABLE_NS_ASSERTIONS = NO;
				ENABLE_STRICT_OBJC_MSGSEND = YES;
				GCC_C_LANGUAGE_STANDARD = gnu11;
				GCC_NO_COMMON_BLOCKS = YES;
				GCC_WARN_64_TO_32_BIT_CONVERSION = YES;
				GCC_WARN_ABOUT_RETURN_TYPE = YES_ERROR;
				GCC_WARN_UNDECLARED_SELECTOR = YES;
				GCC_WARN_UNINITIALIZED_AUTOS = YES_AGGRESSIVE;
				GCC_WARN_UNUSED_FUNCTION = YES;
				GCC_WARN_UNUSED_VARIABLE = YES;
				IPHONEOS_DEPLOYMENT_TARGET = 13.1;
				MTL_ENABLE_DEBUG_INFO = NO;
				MTL_FAST_MATH = YES;
				SDKROOT = iphoneos;
				VALIDATE_PRODUCT = YES;
			};
			name = Release;
		};
		4053366F2476BF6000F7FA61 /* Debug */ = {
			isa = XCBuildConfiguration;
			buildSettings = {
				ASSETCATALOG_COMPILER_APPICON_NAME = AppIcon;
				CODE_SIGN_STYLE = Automatic;
				DEVELOPMENT_TEAM = GHNG86Z2B3;
				INFOPLIST_FILE = MyIjkplay/Info.plist;
				LD_RUNPATH_SEARCH_PATHS = (
					"$(inherited)",
					"@executable_path/Frameworks",
				);
				PRODUCT_BUNDLE_IDENTIFIER = QH.MyIjkplay;
				PRODUCT_NAME = "$(TARGET_NAME)";
				TARGETED_DEVICE_FAMILY = "1,2";
			};
			name = Debug;
		};
		405336702476BF6000F7FA61 /* Release */ = {
			isa = XCBuildConfiguration;
			buildSettings = {
				ASSETCATALOG_COMPILER_APPICON_NAME = AppIcon;
				CODE_SIGN_STYLE = Automatic;
				DEVELOPMENT_TEAM = GHNG86Z2B3;
				INFOPLIST_FILE = MyIjkplay/Info.plist;
				LD_RUNPATH_SEARCH_PATHS = (
					"$(inherited)",
					"@executable_path/Frameworks",
				);
				PRODUCT_BUNDLE_IDENTIFIER = QH.MyIjkplay;
				PRODUCT_NAME = "$(TARGET_NAME)";
				TARGETED_DEVICE_FAMILY = "1,2";
			};
			name = Release;
		};
/* End XCBuildConfiguration section */

/* Begin XCConfigurationList section */
		405336502476BF5F00F7FA61 /* Build configuration list for PBXProject "MyIjkplay" */ = {
			isa = XCConfigurationList;
			buildConfigurations = (
				4053366C2476BF6000F7FA61 /* Debug */,
				4053366D2476BF6000F7FA61 /* Release */,
			);
			defaultConfigurationIsVisible = 0;
			defaultConfigurationName = Release;
		};
		4053366E2476BF6000F7FA61 /* Build configuration list for PBXNativeTarget "MyIjkplay" */ = {
			isa = XCConfigurationList;
			buildConfigurations = (
				4053366F2476BF6000F7FA61 /* Debug */,
				405336702476BF6000F7FA61 /* Release */,
			);
			defaultConfigurationIsVisible = 0;
			defaultConfigurationName = Release;
		};
/* End XCConfigurationList section */
	};
	rootObject = 4053364D2476BF5F00F7FA61 /* Project object */;
}
